// !$*UTF8*$!
{
	archiveVersion = 1;
	classes = {
	};
	objectVersion = 56;
	objects = {

/* Begin PBXBuildFile section */
		BF54F5362967170E00FC56C0 /* RealTimeView.swift in Sources */ = {isa = PBXBuildFile; fileRef = BF54F5352967170E00FC56C0 /* RealTimeView.swift */; };
		BF54F538296718CD00FC56C0 /* VideoCapture.swift in Sources */ = {isa = PBXBuildFile; fileRef = BF54F537296718CD00FC56C0 /* VideoCapture.swift */; };
		BF54F53C2969AFDB00FC56C0 /* ScreenShotExtension.swift in Sources */ = {isa = PBXBuildFile; fileRef = BF54F53B2969AFDB00FC56C0 /* ScreenShotExtension.swift */; };
		BF54F53E296A3E0700FC56C0 /* GoogleService-Info.plist in Resources */ = {isa = PBXBuildFile; fileRef = BF54F53D296A3E0700FC56C0 /* GoogleService-Info.plist */; };
		BF54F541296A413600FC56C0 /* FirebaseAnalytics in Frameworks */ = {isa = PBXBuildFile; productRef = BF54F540296A413600FC56C0 /* FirebaseAnalytics */; };
		BFB75D0829638E4600424379 /* CorneAI_ios_ver3App.swift in Sources */ = {isa = PBXBuildFile; fileRef = BFB75D0729638E4600424379 /* CorneAI_ios_ver3App.swift */; };
		BFB75D0A29638E4600424379 /* ContentView.swift in Sources */ = {isa = PBXBuildFile; fileRef = BFB75D0929638E4600424379 /* ContentView.swift */; };
		BFB75D0C29638E4800424379 /* Assets.xcassets in Resources */ = {isa = PBXBuildFile; fileRef = BFB75D0B29638E4800424379 /* Assets.xcassets */; };
		BFB75D0F29638E4800424379 /* Preview Assets.xcassets in Resources */ = {isa = PBXBuildFile; fileRef = BFB75D0E29638E4800424379 /* Preview Assets.xcassets */; };
		BFB75D162963911C00424379 /* last.mlmodel in Sources */ = {isa = PBXBuildFile; fileRef = BFB75D152963911C00424379 /* last.mlmodel */; };
		BFB75D182963915C00424379 /* UIImageExtension.swift in Sources */ = {isa = PBXBuildFile; fileRef = BFB75D172963915C00424379 /* UIImageExtension.swift */; };
		BFB75D1A296393E800424379 /* UIImage+Extension.swift in Sources */ = {isa = PBXBuildFile; fileRef = BFB75D19296393E800424379 /* UIImage+Extension.swift */; };
		BFB75D1C2963947600424379 /* UploadView.swift in Sources */ = {isa = PBXBuildFile; fileRef = BFB75D1B2963947600424379 /* UploadView.swift */; };
		BFB75D1E2963949F00424379 /* ImagePicker.swift in Sources */ = {isa = PBXBuildFile; fileRef = BFB75D1D2963949F00424379 /* ImagePicker.swift */; };
		BFB75D2429642A3C00424379 /* InterferenceExtension.swift in Sources */ = {isa = PBXBuildFile; fileRef = BFB75D2329642A3C00424379 /* InterferenceExtension.swift */; };
/* End PBXBuildFile section */

/* Begin PBXFileReference section */
		BF54F5352967170E00FC56C0 /* RealTimeView.swift */ = {isa = PBXFileReference; lastKnownFileType = sourcecode.swift; path = RealTimeView.swift; sourceTree = "<group>"; };
		BF54F537296718CD00FC56C0 /* VideoCapture.swift */ = {isa = PBXFileReference; lastKnownFileType = sourcecode.swift; path = VideoCapture.swift; sourceTree = "<group>"; };
		BF54F53B2969AFDB00FC56C0 /* ScreenShotExtension.swift */ = {isa = PBXFileReference; lastKnownFileType = sourcecode.swift; path = ScreenShotExtension.swift; sourceTree = "<group>"; };
		BF54F53D296A3E0700FC56C0 /* GoogleService-Info.plist */ = {isa = PBXFileReference; fileEncoding = 4; lastKnownFileType = text.plist.xml; path = "GoogleService-Info.plist"; sourceTree = "<group>"; };
		BFB75D0429638E4600424379 /* CorneAI_ios_ver3.app */ = {isa = PBXFileReference; explicitFileType = wrapper.application; includeInIndex = 0; path = CorneAI_ios_ver3.app; sourceTree = BUILT_PRODUCTS_DIR; };
		BFB75D0729638E4600424379 /* CorneAI_ios_ver3App.swift */ = {isa = PBXFileReference; lastKnownFileType = sourcecode.swift; path = CorneAI_ios_ver3App.swift; sourceTree = "<group>"; };
		BFB75D0929638E4600424379 /* ContentView.swift */ = {isa = PBXFileReference; lastKnownFileType = sourcecode.swift; path = ContentView.swift; sourceTree = "<group>"; };
		BFB75D0B29638E4800424379 /* Assets.xcassets */ = {isa = PBXFileReference; lastKnownFileType = folder.assetcatalog; path = Assets.xcassets; sourceTree = "<group>"; };
		BFB75D0E29638E4800424379 /* Preview Assets.xcassets */ = {isa = PBXFileReference; lastKnownFileType = folder.assetcatalog; path = "Preview Assets.xcassets"; sourceTree = "<group>"; };
		BFB75D152963911C00424379 /* last.mlmodel */ = {isa = PBXFileReference; lastKnownFileType = file.mlmodel; path = last.mlmodel; sourceTree = "<group>"; };
		BFB75D172963915C00424379 /* UIImageExtension.swift */ = {isa = PBXFileReference; lastKnownFileType = sourcecode.swift; path = UIImageExtension.swift; sourceTree = "<group>"; };
		BFB75D19296393E800424379 /* UIImage+Extension.swift */ = {isa = PBXFileReference; lastKnownFileType = sourcecode.swift; path = "UIImage+Extension.swift"; sourceTree = "<group>"; };
		BFB75D1B2963947600424379 /* UploadView.swift */ = {isa = PBXFileReference; lastKnownFileType = sourcecode.swift; path = UploadView.swift; sourceTree = "<group>"; };
		BFB75D1D2963949F00424379 /* ImagePicker.swift */ = {isa = PBXFileReference; lastKnownFileType = sourcecode.swift; path = ImagePicker.swift; sourceTree = "<group>"; };
		BFB75D2329642A3C00424379 /* InterferenceExtension.swift */ = {isa = PBXFileReference; lastKnownFileType = sourcecode.swift; path = InterferenceExtension.swift; sourceTree = "<group>"; };
/* End PBXFileReference section */

/* Begin PBXFrameworksBuildPhase section */
		BFB75D0129638E4600424379 /* Frameworks */ = {
			isa = PBXFrameworksBuildPhase;
			buildActionMask = 2147483647;
			files = (
				BF54F541296A413600FC56C0 /* FirebaseAnalytics in Frameworks */,
			);
			runOnlyForDeploymentPostprocessing = 0;
		};
/* End PBXFrameworksBuildPhase section */

/* Begin PBXGroup section */
		BFB75CFB29638E4500424379 = {
			isa = PBXGroup;
			children = (
				BFB75D0629638E4600424379 /* CorneAI_ios_ver3 */,
				BFB75D0529638E4600424379 /* Products */,
			);
			sourceTree = "<group>";
		};
		BFB75D0529638E4600424379 /* Products */ = {
			isa = PBXGroup;
			children = (
				BFB75D0429638E4600424379 /* CorneAI_ios_ver3.app */,
			);
			name = Products;
			sourceTree = "<group>";
		};
		BFB75D0629638E4600424379 /* CorneAI_ios_ver3 */ = {
			isa = PBXGroup;
			children = (
				BFB75D0929638E4600424379 /* ContentView.swift */,
				BFB75D1B2963947600424379 /* UploadView.swift */,
				BF54F5352967170E00FC56C0 /* RealTimeView.swift */,
				BFB75D1D2963949F00424379 /* ImagePicker.swift */,
				BF54F537296718CD00FC56C0 /* VideoCapture.swift */,
				BFB75D0729638E4600424379 /* CorneAI_ios_ver3App.swift */,
				BFB75D152963911C00424379 /* last.mlmodel */,
				BFB75D252964445400424379 /* Extension */,
				BFB75D0B29638E4800424379 /* Assets.xcassets */,
				BF54F53D296A3E0700FC56C0 /* GoogleService-Info.plist */,
				BFB75D0D29638E4800424379 /* Preview Content */,
			);
			path = CorneAI_ios_ver3;
			sourceTree = "<group>";
		};
		BFB75D0D29638E4800424379 /* Preview Content */ = {
			isa = PBXGroup;
			children = (
				BFB75D0E29638E4800424379 /* Preview Assets.xcassets */,
			);
			path = "Preview Content";
			sourceTree = "<group>";
		};
		BFB75D252964445400424379 /* Extension */ = {
			isa = PBXGroup;
			children = (
				BFB75D2329642A3C00424379 /* InterferenceExtension.swift */,
				BF54F53B2969AFDB00FC56C0 /* ScreenShotExtension.swift */,
				BFB75D172963915C00424379 /* UIImageExtension.swift */,
				BFB75D19296393E800424379 /* UIImage+Extension.swift */,
			);
			path = Extension;
			sourceTree = "<group>";
		};
/* End PBXGroup section */

/* Begin PBXNativeTarget section */
		BFB75D0329638E4600424379 /* CorneAI_ios_ver3 */ = {
			isa = PBXNativeTarget;
			buildConfigurationList = BFB75D1229638E4800424379 /* Build configuration list for PBXNativeTarget "CorneAI_ios_ver3" */;
			buildPhases = (
				BFB75D0029638E4600424379 /* Sources */,
				BFB75D0129638E4600424379 /* Frameworks */,
				BFB75D0229638E4600424379 /* Resources */,
			);
			buildRules = (
			);
			dependencies = (
			);
			name = CorneAI_ios_ver3;
			packageProductDependencies = (
				BF54F540296A413600FC56C0 /* FirebaseAnalytics */,
			);
			productName = CorneAI_ios_ver3;
			productReference = BFB75D0429638E4600424379 /* CorneAI_ios_ver3.app */;
			productType = "com.apple.product-type.application";
		};
/* End PBXNativeTarget section */

/* Begin PBXProject section */
		BFB75CFC29638E4500424379 /* Project object */ = {
			isa = PBXProject;
			attributes = {
				BuildIndependentTargetsInParallel = 1;
				LastSwiftUpdateCheck = 1420;
				LastUpgradeCheck = 1420;
				TargetAttributes = {
					BFB75D0329638E4600424379 = {
						CreatedOnToolsVersion = 14.2;
					};
				};
			};
			buildConfigurationList = BFB75CFF29638E4500424379 /* Build configuration list for PBXProject "CorneAI_ios_ver3" */;
			compatibilityVersion = "Xcode 14.0";
			developmentRegion = en;
			hasScannedForEncodings = 0;
			knownRegions = (
				en,
				Base,
			);
			mainGroup = BFB75CFB29638E4500424379;
			packageReferences = (
				BF54F53F296A413600FC56C0 /* XCRemoteSwiftPackageReference "firebase-ios-sdk" */,
			);
			productRefGroup = BFB75D0529638E4600424379 /* Products */;
			projectDirPath = "";
			projectRoot = "";
			targets = (
				BFB75D0329638E4600424379 /* CorneAI_ios_ver3 */,
			);
		};
/* End PBXProject section */

/* Begin PBXResourcesBuildPhase section */
		BFB75D0229638E4600424379 /* Resources */ = {
			isa = PBXResourcesBuildPhase;
			buildActionMask = 2147483647;
			files = (
				BFB75D0F29638E4800424379 /* Preview Assets.xcassets in Resources */,
				BFB75D0C29638E4800424379 /* Assets.xcassets in Resources */,
				BF54F53E296A3E0700FC56C0 /* GoogleService-Info.plist in Resources */,
			);
			runOnlyForDeploymentPostprocessing = 0;
		};
/* End PBXResourcesBuildPhase section */

/* Begin PBXSourcesBuildPhase section */
		BFB75D0029638E4600424379 /* Sources */ = {
			isa = PBXSourcesBuildPhase;
			buildActionMask = 2147483647;
			files = (
				BFB75D0A29638E4600424379 /* ContentView.swift in Sources */,
				BFB75D0829638E4600424379 /* CorneAI_ios_ver3App.swift in Sources */,
				BFB75D1A296393E800424379 /* UIImage+Extension.swift in Sources */,
				BF54F5362967170E00FC56C0 /* RealTimeView.swift in Sources */,
				BFB75D1E2963949F00424379 /* ImagePicker.swift in Sources */,
				BFB75D2429642A3C00424379 /* InterferenceExtension.swift in Sources */,
				BF54F53C2969AFDB00FC56C0 /* ScreenShotExtension.swift in Sources */,
				BF54F538296718CD00FC56C0 /* VideoCapture.swift in Sources */,
				BFB75D162963911C00424379 /* last.mlmodel in Sources */,
				BFB75D182963915C00424379 /* UIImageExtension.swift in Sources */,
				BFB75D1C2963947600424379 /* UploadView.swift in Sources */,
			);
			runOnlyForDeploymentPostprocessing = 0;
		};
/* End PBXSourcesBuildPhase section */

/* Begin XCBuildConfiguration section */
		BFB75D1029638E4800424379 /* Debug */ = {
			isa = XCBuildConfiguration;
			buildSettings = {
				ALWAYS_SEARCH_USER_PATHS = NO;
				CLANG_ANALYZER_NONNULL = YES;
				CLANG_ANALYZER_NUMBER_OBJECT_CONVERSION = YES_AGGRESSIVE;
				CLANG_CXX_LANGUAGE_STANDARD = "gnu++20";
				CLANG_ENABLE_MODULES = YES;
				CLANG_ENABLE_OBJC_ARC = YES;
				CLANG_ENABLE_OBJC_WEAK = YES;
				CLANG_WARN_BLOCK_CAPTURE_AUTORELEASING = YES;
				CLANG_WARN_BOOL_CONVERSION = YES;
				CLANG_WARN_COMMA = YES;
				CLANG_WARN_CONSTANT_CONVERSION = YES;
				CLANG_WARN_DEPRECATED_OBJC_IMPLEMENTATIONS = YES;
				CLANG_WARN_DIRECT_OBJC_ISA_USAGE = YES_ERROR;
				CLANG_WARN_DOCUMENTATION_COMMENTS = YES;
				CLANG_WARN_EMPTY_BODY = YES;
				CLANG_WARN_ENUM_CONVERSION = YES;
				CLANG_WARN_INFINITE_RECURSION = YES;
				CLANG_WARN_INT_CONVERSION = YES;
				CLANG_WARN_NON_LITERAL_NULL_CONVERSION = YES;
				CLANG_WARN_OBJC_IMPLICIT_RETAIN_SELF = YES;
				CLANG_WARN_OBJC_LITERAL_CONVERSION = YES;
				CLANG_WARN_OBJC_ROOT_CLASS = YES_ERROR;
				CLANG_WARN_QUOTED_INCLUDE_IN_FRAMEWORK_HEADER = YES;
				CLANG_WARN_RANGE_LOOP_ANALYSIS = YES;
				CLANG_WARN_STRICT_PROTOTYPES = YES;
				CLANG_WARN_SUSPICIOUS_MOVE = YES;
				CLANG_WARN_UNGUARDED_AVAILABILITY = YES_AGGRESSIVE;
				CLANG_WARN_UNREACHABLE_CODE = YES;
				CLANG_WARN__DUPLICATE_METHOD_MATCH = YES;
				COPY_PHASE_STRIP = NO;
				DEBUG_INFORMATION_FORMAT = dwarf;
				ENABLE_STRICT_OBJC_MSGSEND = YES;
				ENABLE_TESTABILITY = YES;
				GCC_C_LANGUAGE_STANDARD = gnu11;
				GCC_DYNAMIC_NO_PIC = NO;
				GCC_NO_COMMON_BLOCKS = YES;
				GCC_OPTIMIZATION_LEVEL = 0;
				GCC_PREPROCESSOR_DEFINITIONS = (
					"DEBUG=1",
					"$(inherited)",
				);
				GCC_WARN_64_TO_32_BIT_CONVERSION = YES;
				GCC_WARN_ABOUT_RETURN_TYPE = YES_ERROR;
				GCC_WARN_UNDECLARED_SELECTOR = YES;
				GCC_WARN_UNINITIALIZED_AUTOS = YES_AGGRESSIVE;
				GCC_WARN_UNUSED_FUNCTION = YES;
				GCC_WARN_UNUSED_VARIABLE = YES;
				IPHONEOS_DEPLOYMENT_TARGET = 16.2;
				MTL_ENABLE_DEBUG_INFO = INCLUDE_SOURCE;
				MTL_FAST_MATH = YES;
				ONLY_ACTIVE_ARCH = YES;
				SDKROOT = iphoneos;
				SWIFT_ACTIVE_COMPILATION_CONDITIONS = DEBUG;
				SWIFT_OPTIMIZATION_LEVEL = "-Onone";
			};
			name = Debug;
		};
		BFB75D1129638E4800424379 /* Release */ = {
			isa = XCBuildConfiguration;
			buildSettings = {
				ALWAYS_SEARCH_USER_PATHS = NO;
				CLANG_ANALYZER_NONNULL = YES;
				CLANG_ANALYZER_NUMBER_OBJECT_CONVERSION = YES_AGGRESSIVE;
				CLANG_CXX_LANGUAGE_STANDARD = "gnu++20";
				CLANG_ENABLE_MODULES = YES;
				CLANG_ENABLE_OBJC_ARC = YES;
				CLANG_ENABLE_OBJC_WEAK = YES;
				CLANG_WARN_BLOCK_CAPTURE_AUTORELEASING = YES;
				CLANG_WARN_BOOL_CONVERSION = YES;
				CLANG_WARN_COMMA = YES;
				CLANG_WARN_CONSTANT_CONVERSION = YES;
				CLANG_WARN_DEPRECATED_OBJC_IMPLEMENTATIONS = YES;
				CLANG_WARN_DIRECT_OBJC_ISA_USAGE = YES_ERROR;
				CLANG_WARN_DOCUMENTATION_COMMENTS = YES;
				CLANG_WARN_EMPTY_BODY = YES;
				CLANG_WARN_ENUM_CONVERSION = YES;
				CLANG_WARN_INFINITE_RECURSION = YES;
				CLANG_WARN_INT_CONVERSION = YES;
				CLANG_WARN_NON_LITERAL_NULL_CONVERSION = YES;
				CLANG_WARN_OBJC_IMPLICIT_RETAIN_SELF = YES;
				CLANG_WARN_OBJC_LITERAL_CONVERSION = YES;
				CLANG_WARN_OBJC_ROOT_CLASS = YES_ERROR;
				CLANG_WARN_QUOTED_INCLUDE_IN_FRAMEWORK_HEADER = YES;
				CLANG_WARN_RANGE_LOOP_ANALYSIS = YES;
				CLANG_WARN_STRICT_PROTOTYPES = YES;
				CLANG_WARN_SUSPICIOUS_MOVE = YES;
				CLANG_WARN_UNGUARDED_AVAILABILITY = YES_AGGRESSIVE;
				CLANG_WARN_UNREACHABLE_CODE = YES;
				CLANG_WARN__DUPLICATE_METHOD_MATCH = YES;
				COPY_PHASE_STRIP = NO;
				DEBUG_INFORMATION_FORMAT = "dwarf-with-dsym";
				ENABLE_NS_ASSERTIONS = NO;
				ENABLE_STRICT_OBJC_MSGSEND = YES;
				GCC_C_LANGUAGE_STANDARD = gnu11;
				GCC_NO_COMMON_BLOCKS = YES;
				GCC_WARN_64_TO_32_BIT_CONVERSION = YES;
				GCC_WARN_ABOUT_RETURN_TYPE = YES_ERROR;
				GCC_WARN_UNDECLARED_SELECTOR = YES;
				GCC_WARN_UNINITIALIZED_AUTOS = YES_AGGRESSIVE;
				GCC_WARN_UNUSED_FUNCTION = YES;
				GCC_WARN_UNUSED_VARIABLE = YES;
				IPHONEOS_DEPLOYMENT_TARGET = 16.2;
				MTL_ENABLE_DEBUG_INFO = NO;
				MTL_FAST_MATH = YES;
				SDKROOT = iphoneos;
				SWIFT_COMPILATION_MODE = wholemodule;
				SWIFT_OPTIMIZATION_LEVEL = "-O";
				VALIDATE_PRODUCT = YES;
			};
			name = Release;
		};
		BFB75D1329638E4800424379 /* Debug */ = {
			isa = XCBuildConfiguration;
			buildSettings = {
				ASSETCATALOG_COMPILER_APPICON_NAME = AppIcon;
				ASSETCATALOG_COMPILER_GLOBAL_ACCENT_COLOR_NAME = AccentColor;
				CODE_SIGN_STYLE = Automatic;
				CURRENT_PROJECT_VERSION = 1;
				DEVELOPMENT_ASSET_PATHS = "\"CorneAI_ios_ver3/Preview Content\"";
				DEVELOPMENT_TEAM = FKLM5SV532;
				ENABLE_PREVIEWS = YES;
				GENERATE_INFOPLIST_FILE = YES;
				INFOPLIST_KEY_NSCameraUsageDescription = "";
				INFOPLIST_KEY_NSPhotoLibraryAddUsageDescription = "";
				INFOPLIST_KEY_UIApplicationSceneManifest_Generation = YES;
				INFOPLIST_KEY_UIApplicationSupportsIndirectInputEvents = YES;
				INFOPLIST_KEY_UILaunchScreen_Generation = YES;
				INFOPLIST_KEY_UISupportedInterfaceOrientations_iPad = "UIInterfaceOrientationPortrait UIInterfaceOrientationPortraitUpsideDown UIInterfaceOrientationLandscapeLeft UIInterfaceOrientationLandscapeRight";
				INFOPLIST_KEY_UISupportedInterfaceOrientations_iPhone = "UIInterfaceOrientationPortrait UIInterfaceOrientationLandscapeLeft UIInterfaceOrientationLandscapeRight";
				IPHONEOS_DEPLOYMENT_TARGET = 16.2;
				LD_RUNPATH_SEARCH_PATHS = (
					"$(inherited)",
					"@executable_path/Frameworks",
				);
				MARKETING_VERSION = 1.0;
				PRODUCT_BUNDLE_IDENTIFIER = "yk-gankeisei.CorneAI-ios-ver3";
				PRODUCT_NAME = "$(TARGET_NAME)";
				SWIFT_EMIT_LOC_STRINGS = YES;
				SWIFT_VERSION = 5.0;
				TARGETED_DEVICE_FAMILY = "1,2";
			};
			name = Debug;
		};
		BFB75D1429638E4800424379 /* Release */ = {
			isa = XCBuildConfiguration;
			buildSettings = {
				ASSETCATALOG_COMPILER_APPICON_NAME = AppIcon;
				ASSETCATALOG_COMPILER_GLOBAL_ACCENT_COLOR_NAME = AccentColor;
				CODE_SIGN_STYLE = Automatic;
				CURRENT_PROJECT_VERSION = 1;
				DEVELOPMENT_ASSET_PATHS = "\"CorneAI_ios_ver3/Preview Content\"";
				DEVELOPMENT_TEAM = FKLM5SV532;
				ENABLE_PREVIEWS = YES;
				GENERATE_INFOPLIST_FILE = YES;
				INFOPLIST_KEY_NSCameraUsageDescription = "";
				INFOPLIST_KEY_NSPhotoLibraryAddUsageDescription = "";
				INFOPLIST_KEY_UIApplicationSceneManifest_Generation = YES;
				INFOPLIST_KEY_UIApplicationSupportsIndirectInputEvents = YES;
				INFOPLIST_KEY_UILaunchScreen_Generation = YES;
				INFOPLIST_KEY_UISupportedInterfaceOrientations_iPad = "UIInterfaceOrientationPortrait UIInterfaceOrientationPortraitUpsideDown UIInterfaceOrientationLandscapeLeft UIInterfaceOrientationLandscapeRight";
				INFOPLIST_KEY_UISupportedInterfaceOrientations_iPhone = "UIInterfaceOrientationPortrait UIInterfaceOrientationLandscapeLeft UIInterfaceOrientationLandscapeRight";
				IPHONEOS_DEPLOYMENT_TARGET = 16.2;
				LD_RUNPATH_SEARCH_PATHS = (
					"$(inherited)",
					"@executable_path/Frameworks",
				);
				MARKETING_VERSION = 1.0;
				PRODUCT_BUNDLE_IDENTIFIER = "yk-gankeisei.CorneAI-ios-ver3";
				PRODUCT_NAME = "$(TARGET_NAME)";
				SWIFT_EMIT_LOC_STRINGS = YES;
				SWIFT_VERSION = 5.0;
				TARGETED_DEVICE_FAMILY = "1,2";
			};
			name = Release;
		};
/* End XCBuildConfiguration section */

/* Begin XCConfigurationList section */
		BFB75CFF29638E4500424379 /* Build configuration list for PBXProject "CorneAI_ios_ver3" */ = {
			isa = XCConfigurationList;
			buildConfigurations = (
				BFB75D1029638E4800424379 /* Debug */,
				BFB75D1129638E4800424379 /* Release */,
			);
			defaultConfigurationIsVisible = 0;
			defaultConfigurationName = Release;
		};
		BFB75D1229638E4800424379 /* Build configuration list for PBXNativeTarget "CorneAI_ios_ver3" */ = {
			isa = XCConfigurationList;
			buildConfigurations = (
				BFB75D1329638E4800424379 /* Debug */,
				BFB75D1429638E4800424379 /* Release */,
			);
			defaultConfigurationIsVisible = 0;
			defaultConfigurationName = Release;
		};
/* End XCConfigurationList section */

/* Begin XCRemoteSwiftPackageReference section */
		BF54F53F296A413600FC56C0 /* XCRemoteSwiftPackageReference "firebase-ios-sdk" */ = {
			isa = XCRemoteSwiftPackageReference;
			repositoryURL = "https://github.com/firebase/firebase-ios-sdk";
			requirement = {
				branch = master;
				kind = branch;
			};
		};
/* End XCRemoteSwiftPackageReference section */

/* Begin XCSwiftPackageProductDependency section */
		BF54F540296A413600FC56C0 /* FirebaseAnalytics */ = {
			isa = XCSwiftPackageProductDependency;
			package = BF54F53F296A413600FC56C0 /* XCRemoteSwiftPackageReference "firebase-ios-sdk" */;
			productName = FirebaseAnalytics;
		};
/* End XCSwiftPackageProductDependency section */
	};
	rootObject = BFB75CFC29638E4500424379 /* Project object */;
}
